
Microsoft Visual Studio Solution File, Format Version 12.00
# Visual Studio 14
VisualStudioVersion = 14.0.25420.1
MinimumVisualStudioVersion = 10.0.40219.1
Project("{FAE04EC0-301F-11D3-BF4B-00C04F79EFBC}") = "DOM Manipulation", "DOM Manipulation\DOM Manipulation.csproj", "{CFCDD7EF-F971-4A14-9F77-42F92E576DE0}"
EndProject
Project("{FAE04EC0-301F-11D3-BF4B-00C04F79EFBC}") = "JSON", "JSON\JSON.csproj", "{F496887C-8076-46FC-A367-4AED65080F3E}"
EndProject
Global
	GlobalSection(SolutionConfigurationPlatforms) = preSolution
		Debug|Any CPU = Debug|Any CPU
		Release|Any CPU = Release|Any CPU
	EndGlobalSection
	GlobalSection(ProjectConfigurationPlatforms) = postSolution
		{CFCDD7EF-F971-4A14-9F77-42F92E576DE0}.Debug|Any CPU.ActiveCfg = Debug|Any CPU
		{CFCDD7EF-F971-4A14-9F77-42F92E576DE0}.Debug|Any CPU.Build.0 = Debug|Any CPU
		{CFCDD7EF-F971-4A14-9F77-42F92E576DE0}.Release|Any CPU.ActiveCfg = Release|Any CPU
		{CFCDD7EF-F971-4A14-9F77-42F92E576DE0}.Release|Any CPU.Build.0 = Release|Any CPU
		{F496887C-8076-46FC-A367-4AED65080F3E}.Debug|Any CPU.ActiveCfg = Debug|Any CPU
		{F496887C-8076-46FC-A367-4AED65080F3E}.Debug|Any CPU.Build.0 = Debug|Any CPU
		{F496887C-8076-46FC-A367-4AED65080F3E}.Release|Any CPU.ActiveCfg = Release|Any CPU
		{F496887C-8076-46FC-A367-4AED65080F3E}.Release|Any CPU.Build.0 = Release|Any CPU
	EndGlobalSection
	GlobalSection(SolutionProperties) = preSolution
		HideSolutionNode = FALSE
	EndGlobalSection
EndGlobal
